// !$*UTF8*$!
{
	archiveVersion = 1;
	classes = {
	};
	objectVersion = 51;
	objects = {

/* Begin PBXBuildFile section */
		0507E76D257B43EB00E9E9C3 /* ClubRoster.swift in Sources */ = {isa = PBXBuildFile; fileRef = 0507E76C257B43EB00E9E9C3 /* ClubRoster.swift */; };
		0507E776257B4AC100E9E9C3 /* CommonFunc.swift in Sources */ = {isa = PBXBuildFile; fileRef = 0507E775257B4AC100E9E9C3 /* CommonFunc.swift */; };
		0507E7A6257D056A00E9E9C3 /* ClubPointTableViewCell.swift in Sources */ = {isa = PBXBuildFile; fileRef = 0507E7A4257D056A00E9E9C3 /* ClubPointTableViewCell.swift */; };
		0507E7A7257D056A00E9E9C3 /* ClubPointTableViewCell.xib in Resources */ = {isa = PBXBuildFile; fileRef = 0507E7A5257D056A00E9E9C3 /* ClubPointTableViewCell.xib */; };
		051217B22546EAAE00F0A8CF /* ClubInfoTableViewCell.swift in Sources */ = {isa = PBXBuildFile; fileRef = 051217B02546EAAE00F0A8CF /* ClubInfoTableViewCell.swift */; };
		051217B32546EAAE00F0A8CF /* ClubInfoTableViewCell.xib in Resources */ = {isa = PBXBuildFile; fileRef = 051217B12546EAAE00F0A8CF /* ClubInfoTableViewCell.xib */; };
		053A35882567EF3C00A96092 /* UserMaster.swift in Sources */ = {isa = PBXBuildFile; fileRef = 053A35872567EF3C00A96092 /* UserMaster.swift */; };
		05B7CDBF25431BCF004E6A70 /* ClubIntroCollectionViewCell.swift in Sources */ = {isa = PBXBuildFile; fileRef = 05B7CDB225431BCE004E6A70 /* ClubIntroCollectionViewCell.swift */; };
		05B7CDC025431BCF004E6A70 /* ClubIntroDetailMemberTableViewCell.xib in Resources */ = {isa = PBXBuildFile; fileRef = 05B7CDB325431BCE004E6A70 /* ClubIntroDetailMemberTableViewCell.xib */; };
		05B7CDC125431BCF004E6A70 /* ClubIntroDetailMemberTableViewCell.swift in Sources */ = {isa = PBXBuildFile; fileRef = 05B7CDB425431BCE004E6A70 /* ClubIntroDetailMemberTableViewCell.swift */; };
		05B7CDC225431BCF004E6A70 /* ClubIntroCollectionViewCell.xib in Resources */ = {isa = PBXBuildFile; fileRef = 05B7CDB525431BCE004E6A70 /* ClubIntroCollectionViewCell.xib */; };
		05B7CDC325431BCF004E6A70 /* ClubIntroDuctionController.swift in Sources */ = {isa = PBXBuildFile; fileRef = 05B7CDB725431BCF004E6A70 /* ClubIntroDuctionController.swift */; };
		05B7CDC425431BCF004E6A70 /* ViewController.swift in Sources */ = {isa = PBXBuildFile; fileRef = 05B7CDB825431BCF004E6A70 /* ViewController.swift */; };
		05B7CDC525431BCF004E6A70 /* ClubIntroDuctionDetailViewController.swift in Sources */ = {isa = PBXBuildFile; fileRef = 05B7CDB925431BCF004E6A70 /* ClubIntroDuctionDetailViewController.swift */; };
		05B7CDC625431BCF004E6A70 /* ClubIntroDetailMemberViewController.swift in Sources */ = {isa = PBXBuildFile; fileRef = 05B7CDBA25431BCF004E6A70 /* ClubIntroDetailMemberViewController.swift */; };
		05B7CDC725431BCF004E6A70 /* PointCheckController.swift in Sources */ = {isa = PBXBuildFile; fileRef = 05B7CDBB25431BCF004E6A70 /* PointCheckController.swift */; };
		05B7CDC825431BCF004E6A70 /* ClubInfomationController.swift in Sources */ = {isa = PBXBuildFile; fileRef = 05B7CDBC25431BCF004E6A70 /* ClubInfomationController.swift */; };
		05B7CDC925431BCF004E6A70 /* ClubIntroModel.swift in Sources */ = {isa = PBXBuildFile; fileRef = 05B7CDBE25431BCF004E6A70 /* ClubIntroModel.swift */; };
		05B7CE0825446AD2004E6A70 /* LoginViewController.swift in Sources */ = {isa = PBXBuildFile; fileRef = 05B7CE0725446AD2004E6A70 /* LoginViewController.swift */; };
		05CC82432541751300607762 /* AppDelegate.swift in Sources */ = {isa = PBXBuildFile; fileRef = 05CC82422541751300607762 /* AppDelegate.swift */; };
		05CC82452541751300607762 /* SceneDelegate.swift in Sources */ = {isa = PBXBuildFile; fileRef = 05CC82442541751300607762 /* SceneDelegate.swift */; };
		05CC824A2541751300607762 /* Main.storyboard in Resources */ = {isa = PBXBuildFile; fileRef = 05CC82482541751300607762 /* Main.storyboard */; };
		05CC824C2541751800607762 /* Assets.xcassets in Resources */ = {isa = PBXBuildFile; fileRef = 05CC824B2541751800607762 /* Assets.xcassets */; };
		05CC824F2541751800607762 /* LaunchScreen.storyboard in Resources */ = {isa = PBXBuildFile; fileRef = 05CC824D2541751800607762 /* LaunchScreen.storyboard */; };
		05E5D282258252E5000A291D /* ClubPointModel.swift in Sources */ = {isa = PBXBuildFile; fileRef = 05E5D281258252E4000A291D /* ClubPointModel.swift */; };
		26EFF65B9E862F050AF84CC6 /* Pods_TestAtrascApp.framework in Frameworks */ = {isa = PBXBuildFile; fileRef = C3BDEFF1D005CA629057B44B /* Pods_TestAtrascApp.framework */; };
/* End PBXBuildFile section */

/* Begin PBXFileReference section */
		0507E76C257B43EB00E9E9C3 /* ClubRoster.swift */ = {isa = PBXFileReference; lastKnownFileType = sourcecode.swift; path = ClubRoster.swift; sourceTree = "<group>"; };
		0507E775257B4AC100E9E9C3 /* CommonFunc.swift */ = {isa = PBXFileReference; fileEncoding = 4; lastKnownFileType = sourcecode.swift; path = CommonFunc.swift; sourceTree = "<group>"; };
		0507E7A4257D056A00E9E9C3 /* ClubPointTableViewCell.swift */ = {isa = PBXFileReference; lastKnownFileType = sourcecode.swift; path = ClubPointTableViewCell.swift; sourceTree = "<group>"; };
		0507E7A5257D056A00E9E9C3 /* ClubPointTableViewCell.xib */ = {isa = PBXFileReference; lastKnownFileType = file.xib; path = ClubPointTableViewCell.xib; sourceTree = "<group>"; };
		051217B02546EAAE00F0A8CF /* ClubInfoTableViewCell.swift */ = {isa = PBXFileReference; lastKnownFileType = sourcecode.swift; path = ClubInfoTableViewCell.swift; sourceTree = "<group>"; };
		051217B12546EAAE00F0A8CF /* ClubInfoTableViewCell.xib */ = {isa = PBXFileReference; lastKnownFileType = file.xib; path = ClubInfoTableViewCell.xib; sourceTree = "<group>"; };
		053A35872567EF3C00A96092 /* UserMaster.swift */ = {isa = PBXFileReference; lastKnownFileType = sourcecode.swift; path = UserMaster.swift; sourceTree = "<group>"; };
		05B7CDB225431BCE004E6A70 /* ClubIntroCollectionViewCell.swift */ = {isa = PBXFileReference; fileEncoding = 4; lastKnownFileType = sourcecode.swift; path = ClubIntroCollectionViewCell.swift; sourceTree = "<group>"; };
		05B7CDB325431BCE004E6A70 /* ClubIntroDetailMemberTableViewCell.xib */ = {isa = PBXFileReference; fileEncoding = 4; lastKnownFileType = file.xib; path = ClubIntroDetailMemberTableViewCell.xib; sourceTree = "<group>"; };
		05B7CDB425431BCE004E6A70 /* ClubIntroDetailMemberTableViewCell.swift */ = {isa = PBXFileReference; fileEncoding = 4; lastKnownFileType = sourcecode.swift; path = ClubIntroDetailMemberTableViewCell.swift; sourceTree = "<group>"; };
		05B7CDB525431BCE004E6A70 /* ClubIntroCollectionViewCell.xib */ = {isa = PBXFileReference; fileEncoding = 4; lastKnownFileType = file.xib; path = ClubIntroCollectionViewCell.xib; sourceTree = "<group>"; };
		05B7CDB725431BCF004E6A70 /* ClubIntroDuctionController.swift */ = {isa = PBXFileReference; fileEncoding = 4; lastKnownFileType = sourcecode.swift; path = ClubIntroDuctionController.swift; sourceTree = "<group>"; };
		05B7CDB825431BCF004E6A70 /* ViewController.swift */ = {isa = PBXFileReference; fileEncoding = 4; lastKnownFileType = sourcecode.swift; path = ViewController.swift; sourceTree = "<group>"; };
		05B7CDB925431BCF004E6A70 /* ClubIntroDuctionDetailViewController.swift */ = {isa = PBXFileReference; fileEncoding = 4; lastKnownFileType = sourcecode.swift; path = ClubIntroDuctionDetailViewController.swift; sourceTree = "<group>"; };
		05B7CDBA25431BCF004E6A70 /* ClubIntroDetailMemberViewController.swift */ = {isa = PBXFileReference; fileEncoding = 4; lastKnownFileType = sourcecode.swift; path = ClubIntroDetailMemberViewController.swift; sourceTree = "<group>"; };
		05B7CDBB25431BCF004E6A70 /* PointCheckController.swift */ = {isa = PBXFileReference; fileEncoding = 4; lastKnownFileType = sourcecode.swift; path = PointCheckController.swift; sourceTree = "<group>"; };
		05B7CDBC25431BCF004E6A70 /* ClubInfomationController.swift */ = {isa = PBXFileReference; fileEncoding = 4; lastKnownFileType = sourcecode.swift; path = ClubInfomationController.swift; sourceTree = "<group>"; };
		05B7CDBE25431BCF004E6A70 /* ClubIntroModel.swift */ = {isa = PBXFileReference; fileEncoding = 4; lastKnownFileType = sourcecode.swift; path = ClubIntroModel.swift; sourceTree = "<group>"; };
		05B7CE0725446AD2004E6A70 /* LoginViewController.swift */ = {isa = PBXFileReference; fileEncoding = 4; lastKnownFileType = sourcecode.swift; path = LoginViewController.swift; sourceTree = "<group>"; };
		05CC823F2541751300607762 /* TestAtrascApp.app */ = {isa = PBXFileReference; explicitFileType = wrapper.application; includeInIndex = 0; path = TestAtrascApp.app; sourceTree = BUILT_PRODUCTS_DIR; };
		05CC82422541751300607762 /* AppDelegate.swift */ = {isa = PBXFileReference; lastKnownFileType = sourcecode.swift; path = AppDelegate.swift; sourceTree = "<group>"; };
		05CC82442541751300607762 /* SceneDelegate.swift */ = {isa = PBXFileReference; lastKnownFileType = sourcecode.swift; path = SceneDelegate.swift; sourceTree = "<group>"; };
		05CC82492541751300607762 /* Base */ = {isa = PBXFileReference; lastKnownFileType = file.storyboard; name = Base; path = Base.lproj/Main.storyboard; sourceTree = "<group>"; };
		05CC824B2541751800607762 /* Assets.xcassets */ = {isa = PBXFileReference; lastKnownFileType = folder.assetcatalog; path = Assets.xcassets; sourceTree = "<group>"; };
		05CC824E2541751800607762 /* Base */ = {isa = PBXFileReference; lastKnownFileType = file.storyboard; name = Base; path = Base.lproj/LaunchScreen.storyboard; sourceTree = "<group>"; };
		05CC82502541751800607762 /* Info.plist */ = {isa = PBXFileReference; lastKnownFileType = text.plist.xml; path = Info.plist; sourceTree = "<group>"; };
		05E5D281258252E4000A291D /* ClubPointModel.swift */ = {isa = PBXFileReference; lastKnownFileType = sourcecode.swift; path = ClubPointModel.swift; sourceTree = "<group>"; };
		33DABBF495DDEA1A926BA298 /* Pods-TestAtrascApp.release.xcconfig */ = {isa = PBXFileReference; includeInIndex = 1; lastKnownFileType = text.xcconfig; name = "Pods-TestAtrascApp.release.xcconfig"; path = "Target Support Files/Pods-TestAtrascApp/Pods-TestAtrascApp.release.xcconfig"; sourceTree = "<group>"; };
		C3BDEFF1D005CA629057B44B /* Pods_TestAtrascApp.framework */ = {isa = PBXFileReference; explicitFileType = wrapper.framework; includeInIndex = 0; path = Pods_TestAtrascApp.framework; sourceTree = BUILT_PRODUCTS_DIR; };
		DA9B7965B07AE1014A5E9793 /* Pods-TestAtrascApp.debug.xcconfig */ = {isa = PBXFileReference; includeInIndex = 1; lastKnownFileType = text.xcconfig; name = "Pods-TestAtrascApp.debug.xcconfig"; path = "Target Support Files/Pods-TestAtrascApp/Pods-TestAtrascApp.debug.xcconfig"; sourceTree = "<group>"; };
/* End PBXFileReference section */

/* Begin PBXFrameworksBuildPhase section */
		05CC823C2541751300607762 /* Frameworks */ = {
			isa = PBXFrameworksBuildPhase;
			buildActionMask = 2147483647;
			files = (
				26EFF65B9E862F050AF84CC6 /* Pods_TestAtrascApp.framework in Frameworks */,
			);
			runOnlyForDeploymentPostprocessing = 0;
		};
/* End PBXFrameworksBuildPhase section */

/* Begin PBXGroup section */
		0507E774257B4AC100E9E9C3 /* Common */ = {
			isa = PBXGroup;
			children = (
				0507E775257B4AC100E9E9C3 /* CommonFunc.swift */,
			);
			path = Common;
			sourceTree = "<group>";
		};
		05B7CDB125431BCE004E6A70 /* View */ = {
			isa = PBXGroup;
			children = (
				05B7CDB225431BCE004E6A70 /* ClubIntroCollectionViewCell.swift */,
				05B7CDB325431BCE004E6A70 /* ClubIntroDetailMemberTableViewCell.xib */,
				05B7CDB425431BCE004E6A70 /* ClubIntroDetailMemberTableViewCell.swift */,
				05B7CDB525431BCE004E6A70 /* ClubIntroCollectionViewCell.xib */,
				051217B02546EAAE00F0A8CF /* ClubInfoTableViewCell.swift */,
				051217B12546EAAE00F0A8CF /* ClubInfoTableViewCell.xib */,
				0507E7A4257D056A00E9E9C3 /* ClubPointTableViewCell.swift */,
				0507E7A5257D056A00E9E9C3 /* ClubPointTableViewCell.xib */,
			);
			path = View;
			sourceTree = "<group>";
		};
		05B7CDB625431BCF004E6A70 /* Controller */ = {
			isa = PBXGroup;
			children = (
				05B7CE0725446AD2004E6A70 /* LoginViewController.swift */,
				05B7CDB725431BCF004E6A70 /* ClubIntroDuctionController.swift */,
				05B7CDB825431BCF004E6A70 /* ViewController.swift */,
				05B7CDB925431BCF004E6A70 /* ClubIntroDuctionDetailViewController.swift */,
				05B7CDBA25431BCF004E6A70 /* ClubIntroDetailMemberViewController.swift */,
				05B7CDBB25431BCF004E6A70 /* PointCheckController.swift */,
				05B7CDBC25431BCF004E6A70 /* ClubInfomationController.swift */,
			);
			path = Controller;
			sourceTree = "<group>";
		};
		05B7CDBD25431BCF004E6A70 /* Model */ = {
			isa = PBXGroup;
			children = (
				05B7CDBE25431BCF004E6A70 /* ClubIntroModel.swift */,
				053A35872567EF3C00A96092 /* UserMaster.swift */,
				0507E76C257B43EB00E9E9C3 /* ClubRoster.swift */,
				05E5D281258252E4000A291D /* ClubPointModel.swift */,
			);
			path = Model;
			sourceTree = "<group>";
		};
		05CC82362541751300607762 = {
			isa = PBXGroup;
			children = (
				05CC82412541751300607762 /* TestAtrascApp */,
				05CC82402541751300607762 /* Products */,
				6B4E88C619D340813F53A8F9 /* Pods */,
				F899E8867C7414F5450D1D9B /* Frameworks */,
			);
			sourceTree = "<group>";
		};
		05CC82402541751300607762 /* Products */ = {
			isa = PBXGroup;
			children = (
				05CC823F2541751300607762 /* TestAtrascApp.app */,
			);
			name = Products;
			sourceTree = "<group>";
		};
		05CC82412541751300607762 /* TestAtrascApp */ = {
			isa = PBXGroup;
			children = (
				0507E774257B4AC100E9E9C3 /* Common */,
				05B7CDB625431BCF004E6A70 /* Controller */,
				05B7CDBD25431BCF004E6A70 /* Model */,
				05B7CDB125431BCE004E6A70 /* View */,
				05CC82422541751300607762 /* AppDelegate.swift */,
				05CC82442541751300607762 /* SceneDelegate.swift */,
				05CC824B2541751800607762 /* Assets.xcassets */,
				05CC82502541751800607762 /* Info.plist */,
				05CC82482541751300607762 /* Main.storyboard */,
				05CC824D2541751800607762 /* LaunchScreen.storyboard */,
			);
			path = TestAtrascApp;
			sourceTree = "<group>";
		};
		6B4E88C619D340813F53A8F9 /* Pods */ = {
			isa = PBXGroup;
			children = (
				DA9B7965B07AE1014A5E9793 /* Pods-TestAtrascApp.debug.xcconfig */,
				33DABBF495DDEA1A926BA298 /* Pods-TestAtrascApp.release.xcconfig */,
			);
			path = Pods;
			sourceTree = "<group>";
		};
		F899E8867C7414F5450D1D9B /* Frameworks */ = {
			isa = PBXGroup;
			children = (
				C3BDEFF1D005CA629057B44B /* Pods_TestAtrascApp.framework */,
			);
			name = Frameworks;
			sourceTree = "<group>";
		};
/* End PBXGroup section */

/* Begin PBXNativeTarget section */
		05CC823E2541751300607762 /* TestAtrascApp */ = {
			isa = PBXNativeTarget;
			buildConfigurationList = 05CC82532541751800607762 /* Build configuration list for PBXNativeTarget "TestAtrascApp" */;
			buildPhases = (
				3482F7FB6A91057DB97F0DD0 /* [CP] Check Pods Manifest.lock */,
				05CC823B2541751300607762 /* Sources */,
				05CC823C2541751300607762 /* Frameworks */,
				05CC823D2541751300607762 /* Resources */,
				BB7839E08C61BE96609F3AF9 /* [CP] Embed Pods Frameworks */,
			);
			buildRules = (
			);
			dependencies = (
			);
			name = TestAtrascApp;
			productName = TestAtrascApp;
			productReference = 05CC823F2541751300607762 /* TestAtrascApp.app */;
			productType = "com.apple.product-type.application";
		};
/* End PBXNativeTarget section */

/* Begin PBXProject section */
		05CC82372541751300607762 /* Project object */ = {
			isa = PBXProject;
			attributes = {
				LastSwiftUpdateCheck = 1220;
				LastUpgradeCheck = 1220;
				TargetAttributes = {
					05CC823E2541751300607762 = {
						CreatedOnToolsVersion = 12.2;
					};
				};
			};
			buildConfigurationList = 05CC823A2541751300607762 /* Build configuration list for PBXProject "TestAtrascApp" */;
			compatibilityVersion = "Xcode 9.3";
			developmentRegion = en;
			hasScannedForEncodings = 0;
			knownRegions = (
				en,
				Base,
			);
			mainGroup = 05CC82362541751300607762;
			productRefGroup = 05CC82402541751300607762 /* Products */;
			projectDirPath = "";
			projectRoot = "";
			targets = (
				05CC823E2541751300607762 /* TestAtrascApp */,
			);
		};
/* End PBXProject section */

/* Begin PBXResourcesBuildPhase section */
		05CC823D2541751300607762 /* Resources */ = {
			isa = PBXResourcesBuildPhase;
			buildActionMask = 2147483647;
			files = (
				05CC824F2541751800607762 /* LaunchScreen.storyboard in Resources */,
				051217B32546EAAE00F0A8CF /* ClubInfoTableViewCell.xib in Resources */,
				05B7CDC225431BCF004E6A70 /* ClubIntroCollectionViewCell.xib in Resources */,
				05CC824C2541751800607762 /* Assets.xcassets in Resources */,
				0507E7A7257D056A00E9E9C3 /* ClubPointTableViewCell.xib in Resources */,
				05CC824A2541751300607762 /* Main.storyboard in Resources */,
				05B7CDC025431BCF004E6A70 /* ClubIntroDetailMemberTableViewCell.xib in Resources */,
			);
			runOnlyForDeploymentPostprocessing = 0;
		};
/* End PBXResourcesBuildPhase section */

/* Begin PBXShellScriptBuildPhase section */
		3482F7FB6A91057DB97F0DD0 /* [CP] Check Pods Manifest.lock */ = {
			isa = PBXShellScriptBuildPhase;
			buildActionMask = 2147483647;
			files = (
			);
			inputFileListPaths = (
			);
			inputPaths = (
				"${PODS_PODFILE_DIR_PATH}/Podfile.lock",
				"${PODS_ROOT}/Manifest.lock",
			);
			name = "[CP] Check Pods Manifest.lock";
			outputFileListPaths = (
			);
			outputPaths = (
				"$(DERIVED_FILE_DIR)/Pods-TestAtrascApp-checkManifestLockResult.txt",
			);
			runOnlyForDeploymentPostprocessing = 0;
			shellPath = /bin/sh;
			shellScript = "diff \"${PODS_PODFILE_DIR_PATH}/Podfile.lock\" \"${PODS_ROOT}/Manifest.lock\" > /dev/null\nif [ $? != 0 ] ; then\n    # print error to STDERR\n    echo \"error: The sandbox is not in sync with the Podfile.lock. Run 'pod install' or update your CocoaPods installation.\" >&2\n    exit 1\nfi\n# This output is used by Xcode 'outputs' to avoid re-running this script phase.\necho \"SUCCESS\" > \"${SCRIPT_OUTPUT_FILE_0}\"\n";
			showEnvVarsInLog = 0;
		};
		BB7839E08C61BE96609F3AF9 /* [CP] Embed Pods Frameworks */ = {
			isa = PBXShellScriptBuildPhase;
			buildActionMask = 2147483647;
			files = (
			);
			inputFileListPaths = (
				"${PODS_ROOT}/Target Support Files/Pods-TestAtrascApp/Pods-TestAtrascApp-frameworks-${CONFIGURATION}-input-files.xcfilelist",
			);
			name = "[CP] Embed Pods Frameworks";
			outputFileListPaths = (
				"${PODS_ROOT}/Target Support Files/Pods-TestAtrascApp/Pods-TestAtrascApp-frameworks-${CONFIGURATION}-output-files.xcfilelist",
			);
			runOnlyForDeploymentPostprocessing = 0;
			shellPath = /bin/sh;
			shellScript = "\"${PODS_ROOT}/Target Support Files/Pods-TestAtrascApp/Pods-TestAtrascApp-frameworks.sh\"\n";
			showEnvVarsInLog = 0;
		};
/* End PBXShellScriptBuildPhase section */

/* Begin PBXSourcesBuildPhase section */
		05CC823B2541751300607762 /* Sources */ = {
			isa = PBXSourcesBuildPhase;
			buildActionMask = 2147483647;
			files = (
				0507E776257B4AC100E9E9C3 /* CommonFunc.swift in Sources */,
				0507E76D257B43EB00E9E9C3 /* ClubRoster.swift in Sources */,
				051217B22546EAAE00F0A8CF /* ClubInfoTableViewCell.swift in Sources */,
				05B7CE0825446AD2004E6A70 /* LoginViewController.swift in Sources */,
				05B7CDC625431BCF004E6A70 /* ClubIntroDetailMemberViewController.swift in Sources */,
				05B7CDC425431BCF004E6A70 /* ViewController.swift in Sources */,
				05CC82432541751300607762 /* AppDelegate.swift in Sources */,
				05CC82452541751300607762 /* SceneDelegate.swift in Sources */,
				05B7CDC925431BCF004E6A70 /* ClubIntroModel.swift in Sources */,
				05B7CDBF25431BCF004E6A70 /* ClubIntroCollectionViewCell.swift in Sources */,
				05B7CDC725431BCF004E6A70 /* PointCheckController.swift in Sources */,
				05B7CDC125431BCF004E6A70 /* ClubIntroDetailMemberTableViewCell.swift in Sources */,
				05B7CDC525431BCF004E6A70 /* ClubIntroDuctionDetailViewController.swift in Sources */,
				05B7CDC325431BCF004E6A70 /* ClubIntroDuctionController.swift in Sources */,
				05E5D282258252E5000A291D /* ClubPointModel.swift in Sources */,
				053A35882567EF3C00A96092 /* UserMaster.swift in Sources */,
				05B7CDC825431BCF004E6A70 /* ClubInfomationController.swift in Sources */,
				0507E7A6257D056A00E9E9C3 /* ClubPointTableViewCell.swift in Sources */,
			);
			runOnlyForDeploymentPostprocessing = 0;
		};
/* End PBXSourcesBuildPhase section */

/* Begin PBXVariantGroup section */
		05CC82482541751300607762 /* Main.storyboard */ = {
			isa = PBXVariantGroup;
			children = (
				05CC82492541751300607762 /* Base */,
			);
			name = Main.storyboard;
			sourceTree = "<group>";
		};
		05CC824D2541751800607762 /* LaunchScreen.storyboard */ = {
			isa = PBXVariantGroup;
			children = (
				05CC824E2541751800607762 /* Base */,
			);
			name = LaunchScreen.storyboard;
			sourceTree = "<group>";
		};
/* End PBXVariantGroup section */

/* Begin XCBuildConfiguration section */
		05CC82512541751800607762 /* Debug */ = {
			isa = XCBuildConfiguration;
			buildSettings = {
				ALWAYS_SEARCH_USER_PATHS = NO;
				CLANG_ANALYZER_NONNULL = YES;
				CLANG_ANALYZER_NUMBER_OBJECT_CONVERSION = YES_AGGRESSIVE;
				CLANG_CXX_LANGUAGE_STANDARD = "gnu++14";
				CLANG_CXX_LIBRARY = "libc++";
				CLANG_ENABLE_MODULES = YES;
				CLANG_ENABLE_OBJC_ARC = YES;
				CLANG_ENABLE_OBJC_WEAK = YES;
				CLANG_WARN_BLOCK_CAPTURE_AUTORELEASING = YES;
				CLANG_WARN_BOOL_CONVERSION = YES;
				CLANG_WARN_COMMA = YES;
				CLANG_WARN_CONSTANT_CONVERSION = YES;
				CLANG_WARN_DEPRECATED_OBJC_IMPLEMENTATIONS = YES;
				CLANG_WARN_DIRECT_OBJC_ISA_USAGE = YES_ERROR;
				CLANG_WARN_DOCUMENTATION_COMMENTS = YES;
				CLANG_WARN_EMPTY_BODY = YES;
				CLANG_WARN_ENUM_CONVERSION = YES;
				CLANG_WARN_INFINITE_RECURSION = YES;
				CLANG_WARN_INT_CONVERSION = YES;
				CLANG_WARN_NON_LITERAL_NULL_CONVERSION = YES;
				CLANG_WARN_OBJC_IMPLICIT_RETAIN_SELF = YES;
				CLANG_WARN_OBJC_LITERAL_CONVERSION = YES;
				CLANG_WARN_OBJC_ROOT_CLASS = YES_ERROR;
				CLANG_WARN_QUOTED_INCLUDE_IN_FRAMEWORK_HEADER = YES;
				CLANG_WARN_RANGE_LOOP_ANALYSIS = YES;
				CLANG_WARN_STRICT_PROTOTYPES = YES;
				CLANG_WARN_SUSPICIOUS_MOVE = YES;
				CLANG_WARN_UNGUARDED_AVAILABILITY = YES_AGGRESSIVE;
				CLANG_WARN_UNREACHABLE_CODE = YES;
				CLANG_WARN__DUPLICATE_METHOD_MATCH = YES;
				COPY_PHASE_STRIP = NO;
				DEBUG_INFORMATION_FORMAT = dwarf;
				ENABLE_STRICT_OBJC_MSGSEND = YES;
				ENABLE_TESTABILITY = YES;
				"EXCLUDED_ARCHS[sdk=iphonesimulator*]" = arm64;
				GCC_C_LANGUAGE_STANDARD = gnu11;
				GCC_DYNAMIC_NO_PIC = NO;
				GCC_NO_COMMON_BLOCKS = YES;
				GCC_OPTIMIZATION_LEVEL = 0;
				GCC_PREPROCESSOR_DEFINITIONS = (
					"DEBUG=1",
					"$(inherited)",
				);
				GCC_WARN_64_TO_32_BIT_CONVERSION = YES;
				GCC_WARN_ABOUT_RETURN_TYPE = YES_ERROR;
				GCC_WARN_UNDECLARED_SELECTOR = YES;
				GCC_WARN_UNINITIALIZED_AUTOS = YES_AGGRESSIVE;
				GCC_WARN_UNUSED_FUNCTION = YES;
				GCC_WARN_UNUSED_VARIABLE = YES;
				IPHONEOS_DEPLOYMENT_TARGET = 13.3;
				MTL_ENABLE_DEBUG_INFO = INCLUDE_SOURCE;
				MTL_FAST_MATH = YES;
				ONLY_ACTIVE_ARCH = YES;
				SDKROOT = iphoneos;
				SWIFT_ACTIVE_COMPILATION_CONDITIONS = DEBUG;
				SWIFT_OPTIMIZATION_LEVEL = "-Onone";
			};
			name = Debug;
		};
		05CC82522541751800607762 /* Release */ = {
			isa = XCBuildConfiguration;
			buildSettings = {
				ALWAYS_SEARCH_USER_PATHS = NO;
				CLANG_ANALYZER_NONNULL = YES;
				CLANG_ANALYZER_NUMBER_OBJECT_CONVERSION = YES_AGGRESSIVE;
				CLANG_CXX_LANGUAGE_STANDARD = "gnu++14";
				CLANG_CXX_LIBRARY = "libc++";
				CLANG_ENABLE_MODULES = YES;
				CLANG_ENABLE_OBJC_ARC = YES;
				CLANG_ENABLE_OBJC_WEAK = YES;
				CLANG_WARN_BLOCK_CAPTURE_AUTORELEASING = YES;
				CLANG_WARN_BOOL_CONVERSION = YES;
				CLANG_WARN_COMMA = YES;
				CLANG_WARN_CONSTANT_CONVERSION = YES;
				CLANG_WARN_DEPRECATED_OBJC_IMPLEMENTATIONS = YES;
				CLANG_WARN_DIRECT_OBJC_ISA_USAGE = YES_ERROR;
				CLANG_WARN_DOCUMENTATION_COMMENTS = YES;
				CLANG_WARN_EMPTY_BODY = YES;
				CLANG_WARN_ENUM_CONVERSION = YES;
				CLANG_WARN_INFINITE_RECURSION = YES;
				CLANG_WARN_INT_CONVERSION = YES;
				CLANG_WARN_NON_LITERAL_NULL_CONVERSION = YES;
				CLANG_WARN_OBJC_IMPLICIT_RETAIN_SELF = YES;
				CLANG_WARN_OBJC_LITERAL_CONVERSION = YES;
				CLANG_WARN_OBJC_ROOT_CLASS = YES_ERROR;
				CLANG_WARN_QUOTED_INCLUDE_IN_FRAMEWORK_HEADER = YES;
				CLANG_WARN_RANGE_LOOP_ANALYSIS = YES;
				CLANG_WARN_STRICT_PROTOTYPES = YES;
				CLANG_WARN_SUSPICIOUS_MOVE = YES;
				CLANG_WARN_UNGUARDED_AVAILABILITY = YES_AGGRESSIVE;
				CLANG_WARN_UNREACHABLE_CODE = YES;
				CLANG_WARN__DUPLICATE_METHOD_MATCH = YES;
				COPY_PHASE_STRIP = NO;
				DEBUG_INFORMATION_FORMAT = "dwarf-with-dsym";
				ENABLE_NS_ASSERTIONS = NO;
				ENABLE_STRICT_OBJC_MSGSEND = YES;
				"EXCLUDED_ARCHS[sdk=iphonesimulator*]" = arm64;
				GCC_C_LANGUAGE_STANDARD = gnu11;
				GCC_NO_COMMON_BLOCKS = YES;
				GCC_WARN_64_TO_32_BIT_CONVERSION = YES;
				GCC_WARN_ABOUT_RETURN_TYPE = YES_ERROR;
				GCC_WARN_UNDECLARED_SELECTOR = YES;
				GCC_WARN_UNINITIALIZED_AUTOS = YES_AGGRESSIVE;
				GCC_WARN_UNUSED_FUNCTION = YES;
				GCC_WARN_UNUSED_VARIABLE = YES;
				IPHONEOS_DEPLOYMENT_TARGET = 13.3;
				MTL_ENABLE_DEBUG_INFO = NO;
				MTL_FAST_MATH = YES;
				SDKROOT = iphoneos;
				SWIFT_COMPILATION_MODE = wholemodule;
				SWIFT_OPTIMIZATION_LEVEL = "-O";
				VALIDATE_PRODUCT = YES;
			};
			name = Release;
		};
		05CC82542541751800607762 /* Debug */ = {
			isa = XCBuildConfiguration;
			baseConfigurationReference = DA9B7965B07AE1014A5E9793 /* Pods-TestAtrascApp.debug.xcconfig */;
			buildSettings = {
				ASSETCATALOG_COMPILER_APPICON_NAME = AppIcon;
				ASSETCATALOG_COMPILER_GLOBAL_ACCENT_COLOR_NAME = AccentColor;
				CODE_SIGN_STYLE = Automatic;
				DEVELOPMENT_TEAM = 56D5SSHUHW;
				INFOPLIST_FILE = TestAtrascApp/Info.plist;
				LD_RUNPATH_SEARCH_PATHS = (
					"$(inherited)",
					"@executable_path/Frameworks",
				);
				PRODUCT_BUNDLE_IDENTIFIER = Test.TestAtrascApp;
				PRODUCT_NAME = "$(TARGET_NAME)";
				SWIFT_VERSION = 5.0;
				TARGETED_DEVICE_FAMILY = "1,2";
			};
			name = Debug;
		};
		05CC82552541751800607762 /* Release */ = {
			isa = XCBuildConfiguration;
			baseConfigurationReference = 33DABBF495DDEA1A926BA298 /* Pods-TestAtrascApp.release.xcconfig */;
			buildSettings = {
				ASSETCATALOG_COMPILER_APPICON_NAME = AppIcon;
				ASSETCATALOG_COMPILER_GLOBAL_ACCENT_COLOR_NAME = AccentColor;
				CODE_SIGN_STYLE = Automatic;
				DEVELOPMENT_TEAM = 56D5SSHUHW;
				INFOPLIST_FILE = TestAtrascApp/Info.plist;
				LD_RUNPATH_SEARCH_PATHS = (
					"$(inherited)",
					"@executable_path/Frameworks",
				);
				PRODUCT_BUNDLE_IDENTIFIER = Test.TestAtrascApp;
				PRODUCT_NAME = "$(TARGET_NAME)";
				SWIFT_VERSION = 5.0;
				TARGETED_DEVICE_FAMILY = "1,2";
			};
			name = Release;
		};
/* End XCBuildConfiguration section */

/* Begin XCConfigurationList section */
		05CC823A2541751300607762 /* Build configuration list for PBXProject "TestAtrascApp" */ = {
			isa = XCConfigurationList;
			buildConfigurations = (
				05CC82512541751800607762 /* Debug */,
				05CC82522541751800607762 /* Release */,
			);
			defaultConfigurationIsVisible = 0;
			defaultConfigurationName = Release;
		};
		05CC82532541751800607762 /* Build configuration list for PBXNativeTarget "TestAtrascApp" */ = {
			isa = XCConfigurationList;
			buildConfigurations = (
				05CC82542541751800607762 /* Debug */,
				05CC82552541751800607762 /* Release */,
			);
			defaultConfigurationIsVisible = 0;
			defaultConfigurationName = Release;
		};
/* End XCConfigurationList section */
	};
	rootObject = 05CC82372541751300607762 /* Project object */;
}
